
Microsoft Visual Studio Solution File, Format Version 12.00
# Visual Studio Version 16
VisualStudioVersion = 16.0.29509.3
MinimumVisualStudioVersion = 10.0.40219.1
Project("{FAE04EC0-301F-11D3-BF4B-00C04F79EFBC}") = "CigniumCodeChallenge", "CigniumCodeChallenge.csproj", "{7F1327F0-2581-4074-80B6-06912F3EBCFD}"
EndProject
Global
	GlobalSection(SolutionConfigurationPlatforms) = preSolution
		Debug|Any CPU = Debug|Any CPU
		Release|Any CPU = Release|Any CPU
	EndGlobalSection
	GlobalSection(ProjectConfigurationPlatforms) = postSolution
		{7F1327F0-2581-4074-80B6-06912F3EBCFD}.Debug|Any CPU.ActiveCfg = Debug|Any CPU
		{7F1327F0-2581-4074-80B6-06912F3EBCFD}.Debug|Any CPU.Build.0 = Debug|Any CPU
		{7F1327F0-2581-4074-80B6-06912F3EBCFD}.Release|Any CPU.ActiveCfg = Release|Any CPU
		{7F1327F0-2581-4074-80B6-06912F3EBCFD}.Release|Any CPU.Build.0 = Release|Any CPU
	EndGlobalSection
	GlobalSection(SolutionProperties) = preSolution
		HideSolutionNode = FALSE
	EndGlobalSection
	GlobalSection(ExtensibilityGlobals) = postSolution
		SolutionGuid = {DC567556-019A-408E-A3D2-2D5A884EF5B4}
	EndGlobalSection
EndGlobal
